
Microsoft Visual Studio Solution File, Format Version 12.00
# Visual Studio 2013
VisualStudioVersion = 12.0.31101.0
MinimumVisualStudioVersion = 10.0.40219.1
Project("{FAE04EC0-301F-11D3-BF4B-00C04F79EFBC}") = "NCheck", "code\NCheck\NCheck.csproj", "{2142B3CB-F601-424E-991A-ED7E7FB63693}"
EndProject
Project("{FAE04EC0-301F-11D3-BF4B-00C04F79EFBC}") = "NCheck.Test", "code\NCheck.Test\NCheck.Test.csproj", "{3BC8F529-F3D8-4DEA-9A20-541614693619}"
EndProject
Project("{2150E333-8FDC-42A3-9474-1A3956D46DE8}") = "Solution Items", "Solution Items", "{53CB4EAC-B904-4BEC-B535-0E596681C617}"
	ProjectSection(SolutionItems) = preProject
		LICENSE.MD = LICENSE.MD
		NCheck.snk = NCheck.snk
		README.md = README.md
		RELEASE_NOTES.md = RELEASE_NOTES.md
	EndProjectSection
EndProject
Global
	GlobalSection(SolutionConfigurationPlatforms) = preSolution
		Debug|Any CPU = Debug|Any CPU
		Release|Any CPU = Release|Any CPU
	EndGlobalSection
	GlobalSection(ProjectConfigurationPlatforms) = postSolution
		{2142B3CB-F601-424E-991A-ED7E7FB63693}.Debug|Any CPU.ActiveCfg = Debug|Any CPU
		{2142B3CB-F601-424E-991A-ED7E7FB63693}.Debug|Any CPU.Build.0 = Debug|Any CPU
		{2142B3CB-F601-424E-991A-ED7E7FB63693}.Release|Any CPU.ActiveCfg = Release|Any CPU
		{2142B3CB-F601-424E-991A-ED7E7FB63693}.Release|Any CPU.Build.0 = Release|Any CPU
		{3BC8F529-F3D8-4DEA-9A20-541614693619}.Debug|Any CPU.ActiveCfg = Debug|Any CPU
		{3BC8F529-F3D8-4DEA-9A20-541614693619}.Debug|Any CPU.Build.0 = Debug|Any CPU
		{3BC8F529-F3D8-4DEA-9A20-541614693619}.Release|Any CPU.ActiveCfg = Release|Any CPU
		{3BC8F529-F3D8-4DEA-9A20-541614693619}.Release|Any CPU.Build.0 = Release|Any CPU
	EndGlobalSection
	GlobalSection(SolutionProperties) = preSolution
		HideSolutionNode = FALSE
	EndGlobalSection
EndGlobal
